
Microsoft Visual Studio Solution File, Format Version 12.00
Project("{FAE04EC0-301F-11D3-BF4B-00C04F79EFBC}") = "WebApplication2", "WebApplication2\WebApplication2.csproj", "{1459BD48-3766-4E9C-A58A-881F9E127399}"
EndProject
Project("{FAE04EC0-301F-11D3-BF4B-00C04F79EFBC}") = "WebApplication2.Tests", "WebApplication2.Tests\WebApplication2.Tests.csproj", "{F87A29C5-5C3F-4B8D-BB85-A5D67853663C}"
EndProject
Global
	GlobalSection(SolutionConfigurationPlatforms) = preSolution
		Debug|Any CPU = Debug|Any CPU
		Debug|x64 = Debug|x64
		Debug|x86 = Debug|x86
		Release|Any CPU = Release|Any CPU
		Release|x64 = Release|x64
		Release|x86 = Release|x86
	EndGlobalSection
	GlobalSection(ProjectConfigurationPlatforms) = postSolution
		{1459BD48-3766-4E9C-A58A-881F9E127399}.Debug|Any CPU.ActiveCfg = Debug|Any CPU
		{1459BD48-3766-4E9C-A58A-881F9E127399}.Debug|Any CPU.Build.0 = Debug|Any CPU
		{1459BD48-3766-4E9C-A58A-881F9E127399}.Debug|x64.ActiveCfg = Debug|Any CPU
		{1459BD48-3766-4E9C-A58A-881F9E127399}.Debug|x64.Build.0 = Debug|Any CPU
		{1459BD48-3766-4E9C-A58A-881F9E127399}.Debug|x86.ActiveCfg = Debug|Any CPU
		{1459BD48-3766-4E9C-A58A-881F9E127399}.Debug|x86.Build.0 = Debug|Any CPU
		{1459BD48-3766-4E9C-A58A-881F9E127399}.Release|Any CPU.ActiveCfg = Release|Any CPU
		{1459BD48-3766-4E9C-A58A-881F9E127399}.Release|Any CPU.Build.0 = Release|Any CPU
		{1459BD48-3766-4E9C-A58A-881F9E127399}.Release|x64.ActiveCfg = Release|Any CPU
		{1459BD48-3766-4E9C-A58A-881F9E127399}.Release|x64.Build.0 = Release|Any CPU
		{1459BD48-3766-4E9C-A58A-881F9E127399}.Release|x86.ActiveCfg = Release|Any CPU
		{1459BD48-3766-4E9C-A58A-881F9E127399}.Release|x86.Build.0 = Release|Any CPU
		{F87A29C5-5C3F-4B8D-BB85-A5D67853663C}.Debug|Any CPU.ActiveCfg = Debug|Any CPU
		{F87A29C5-5C3F-4B8D-BB85-A5D67853663C}.Debug|Any CPU.Build.0 = Debug|Any CPU
		{F87A29C5-5C3F-4B8D-BB85-A5D67853663C}.Debug|x64.ActiveCfg = Debug|Any CPU
		{F87A29C5-5C3F-4B8D-BB85-A5D67853663C}.Debug|x64.Build.0 = Debug|Any CPU
		{F87A29C5-5C3F-4B8D-BB85-A5D67853663C}.Debug|x86.ActiveCfg = Debug|Any CPU
		{F87A29C5-5C3F-4B8D-BB85-A5D67853663C}.Debug|x86.Build.0 = Debug|Any CPU
		{F87A29C5-5C3F-4B8D-BB85-A5D67853663C}.Release|Any CPU.ActiveCfg = Release|Any CPU
		{F87A29C5-5C3F-4B8D-BB85-A5D67853663C}.Release|Any CPU.Build.0 = Release|Any CPU
		{F87A29C5-5C3F-4B8D-BB85-A5D67853663C}.Release|x64.ActiveCfg = Release|Any CPU
		{F87A29C5-5C3F-4B8D-BB85-A5D67853663C}.Release|x64.Build.0 = Release|Any CPU
		{F87A29C5-5C3F-4B8D-BB85-A5D67853663C}.Release|x86.ActiveCfg = Release|Any CPU
		{F87A29C5-5C3F-4B8D-BB85-A5D67853663C}.Release|x86.Build.0 = Release|Any CPU
	EndGlobalSection
	GlobalSection(SolutionProperties) = preSolution
		HideSolutionNode = FALSE
	EndGlobalSection
EndGlobal
